
Microsoft Visual Studio Solution File, Format Version 12.00
# Visual Studio Version 17
VisualStudioVersion = 17.6.33815.320
MinimumVisualStudioVersion = 10.0.40219.1
Project("{FAE04EC0-301F-11D3-BF4B-00C04F79EFBC}") = "exercise print string in reverse", "exercise print string in reverse\exercise print string in reverse.csproj", "{299BB0E5-1FCA-43B3-9DD2-6254347AE295}"
EndProject
Global
	GlobalSection(SolutionConfigurationPlatforms) = preSolution
		Debug|Any CPU = Debug|Any CPU
		Release|Any CPU = Release|Any CPU
	EndGlobalSection
	GlobalSection(ProjectConfigurationPlatforms) = postSolution
		{299BB0E5-1FCA-43B3-9DD2-6254347AE295}.Debug|Any CPU.ActiveCfg = Debug|Any CPU
		{299BB0E5-1FCA-43B3-9DD2-6254347AE295}.Debug|Any CPU.Build.0 = Debug|Any CPU
		{299BB0E5-1FCA-43B3-9DD2-6254347AE295}.Release|Any CPU.ActiveCfg = Release|Any CPU
		{299BB0E5-1FCA-43B3-9DD2-6254347AE295}.Release|Any CPU.Build.0 = Release|Any CPU
	EndGlobalSection
	GlobalSection(SolutionProperties) = preSolution
		HideSolutionNode = FALSE
	EndGlobalSection
	GlobalSection(ExtensibilityGlobals) = postSolution
		SolutionGuid = {549B7931-F46D-4F6A-A9DC-53B6A7AC5412}
	EndGlobalSection
EndGlobal
