
Microsoft Visual Studio Solution File, Format Version 12.00
# Visual Studio Version 17
VisualStudioVersion = 17.6.33815.320
MinimumVisualStudioVersion = 10.0.40219.1
Project("{FAE04EC0-301F-11D3-BF4B-00C04F79EFBC}") = "exercise custom tryparse", "exercise custom tryparse\exercise custom tryparse.csproj", "{C25F2081-D681-4F93-A7E6-D16BCAD21C6F}"
EndProject
Global
	GlobalSection(SolutionConfigurationPlatforms) = preSolution
		Debug|Any CPU = Debug|Any CPU
		Release|Any CPU = Release|Any CPU
	EndGlobalSection
	GlobalSection(ProjectConfigurationPlatforms) = postSolution
		{C25F2081-D681-4F93-A7E6-D16BCAD21C6F}.Debug|Any CPU.ActiveCfg = Debug|Any CPU
		{C25F2081-D681-4F93-A7E6-D16BCAD21C6F}.Debug|Any CPU.Build.0 = Debug|Any CPU
		{C25F2081-D681-4F93-A7E6-D16BCAD21C6F}.Release|Any CPU.ActiveCfg = Release|Any CPU
		{C25F2081-D681-4F93-A7E6-D16BCAD21C6F}.Release|Any CPU.Build.0 = Release|Any CPU
	EndGlobalSection
	GlobalSection(SolutionProperties) = preSolution
		HideSolutionNode = FALSE
	EndGlobalSection
	GlobalSection(ExtensibilityGlobals) = postSolution
		SolutionGuid = {89095C67-006B-4966-B808-C8D8B37AD09A}
	EndGlobalSection
EndGlobal
