
Microsoft Visual Studio Solution File, Format Version 12.00
# Visual Studio Version 17
VisualStudioVersion = 17.6.33815.320
MinimumVisualStudioVersion = 10.0.40219.1
Project("{FAE04EC0-301F-11D3-BF4B-00C04F79EFBC}") = "exercise times table", "exercise times table\exercise times table.csproj", "{8FD3C87C-9B20-460C-8E10-F3E32B7D104E}"
EndProject
Global
	GlobalSection(SolutionConfigurationPlatforms) = preSolution
		Debug|Any CPU = Debug|Any CPU
		Release|Any CPU = Release|Any CPU
	EndGlobalSection
	GlobalSection(ProjectConfigurationPlatforms) = postSolution
		{8FD3C87C-9B20-460C-8E10-F3E32B7D104E}.Debug|Any CPU.ActiveCfg = Debug|Any CPU
		{8FD3C87C-9B20-460C-8E10-F3E32B7D104E}.Debug|Any CPU.Build.0 = Debug|Any CPU
		{8FD3C87C-9B20-460C-8E10-F3E32B7D104E}.Release|Any CPU.ActiveCfg = Release|Any CPU
		{8FD3C87C-9B20-460C-8E10-F3E32B7D104E}.Release|Any CPU.Build.0 = Release|Any CPU
	EndGlobalSection
	GlobalSection(SolutionProperties) = preSolution
		HideSolutionNode = FALSE
	EndGlobalSection
	GlobalSection(ExtensibilityGlobals) = postSolution
		SolutionGuid = {AC491C68-7028-49B8-83A3-9E4DCEBB7DB9}
	EndGlobalSection
EndGlobal
